
Microsoft Visual Studio Solution File, Format Version 12.00
Project("{FAE04EC0-301F-11D3-BF4B-00C04F79EFBC}") = "LibraryAI", "LibraryAI\LibraryAI.csproj", "{00CEC6F8-E3B0-49EB-9817-A52C3362CB4C}"
EndProject
Project("{FAE04EC0-301F-11D3-BF4B-00C04F79EFBC}") = "ConsoleAI", "ConsoleAI\ConsoleAI.csproj", "{83CAEAE1-9E88-42E8-A2E8-867D97B38236}"
EndProject
Project("{FAE04EC0-301F-11D3-BF4B-00C04F79EFBC}") = "LibraryAIDebugger", "LibraryAIDebugger\LibraryAIDebugger.csproj", "{E583CE97-DF03-40DA-B2FB-EF0B22D03FF2}"
EndProject
Project("{FAE04EC0-301F-11D3-BF4B-00C04F79EFBC}") = "ProxyAI", "ProxyAI\ProxyAI.csproj", "{5B9E8559-D180-4547-93D3-883ABAF10B45}"
EndProject
Project("{FAE04EC0-301F-11D3-BF4B-00C04F79EFBC}") = "ConsoleWebMCP", "ConsoleWebMCP\ConsoleWebMCP.csproj", "{C32A2588-BA1A-40B8-ACA0-CBC2A77739DB}"
EndProject
Project("{FAE04EC0-301F-11D3-BF4B-00C04F79EFBC}") = "ConsoleMCP", "ConsoleMCP\ConsoleMCP.csproj", "{7D9D5689-AFBB-477C-A501-54A3EC9ACFCD}"
EndProject
Project("{FAE04EC0-301F-11D3-BF4B-00C04F79EFBC}") = "ConsoleMCPWrapper", "ConsoleMCPWrapper\ConsoleMCPWrapper.csproj", "{412F7F16-EA31-47E4-935F-D04F52F61AA7}"
EndProject
Global
	GlobalSection(SolutionConfigurationPlatforms) = preSolution
		Debug|Any CPU = Debug|Any CPU
		Release|Any CPU = Release|Any CPU
	EndGlobalSection
	GlobalSection(ProjectConfigurationPlatforms) = postSolution
		{00CEC6F8-E3B0-49EB-9817-A52C3362CB4C}.Debug|Any CPU.ActiveCfg = Debug|Any CPU
		{00CEC6F8-E3B0-49EB-9817-A52C3362CB4C}.Debug|Any CPU.Build.0 = Debug|Any CPU
		{00CEC6F8-E3B0-49EB-9817-A52C3362CB4C}.Release|Any CPU.ActiveCfg = Release|Any CPU
		{00CEC6F8-E3B0-49EB-9817-A52C3362CB4C}.Release|Any CPU.Build.0 = Release|Any CPU
		{83CAEAE1-9E88-42E8-A2E8-867D97B38236}.Debug|Any CPU.ActiveCfg = Debug|Any CPU
		{83CAEAE1-9E88-42E8-A2E8-867D97B38236}.Debug|Any CPU.Build.0 = Debug|Any CPU
		{83CAEAE1-9E88-42E8-A2E8-867D97B38236}.Release|Any CPU.ActiveCfg = Release|Any CPU
		{83CAEAE1-9E88-42E8-A2E8-867D97B38236}.Release|Any CPU.Build.0 = Release|Any CPU
		{E583CE97-DF03-40DA-B2FB-EF0B22D03FF2}.Debug|Any CPU.ActiveCfg = Debug|Any CPU
		{E583CE97-DF03-40DA-B2FB-EF0B22D03FF2}.Debug|Any CPU.Build.0 = Debug|Any CPU
		{E583CE97-DF03-40DA-B2FB-EF0B22D03FF2}.Release|Any CPU.ActiveCfg = Release|Any CPU
		{E583CE97-DF03-40DA-B2FB-EF0B22D03FF2}.Release|Any CPU.Build.0 = Release|Any CPU
		{5B9E8559-D180-4547-93D3-883ABAF10B45}.Debug|Any CPU.ActiveCfg = Debug|Any CPU
		{5B9E8559-D180-4547-93D3-883ABAF10B45}.Debug|Any CPU.Build.0 = Debug|Any CPU
		{5B9E8559-D180-4547-93D3-883ABAF10B45}.Release|Any CPU.ActiveCfg = Release|Any CPU
		{5B9E8559-D180-4547-93D3-883ABAF10B45}.Release|Any CPU.Build.0 = Release|Any CPU
		{C32A2588-BA1A-40B8-ACA0-CBC2A77739DB}.Debug|Any CPU.ActiveCfg = Debug|Any CPU
		{C32A2588-BA1A-40B8-ACA0-CBC2A77739DB}.Debug|Any CPU.Build.0 = Debug|Any CPU
		{C32A2588-BA1A-40B8-ACA0-CBC2A77739DB}.Release|Any CPU.ActiveCfg = Release|Any CPU
		{C32A2588-BA1A-40B8-ACA0-CBC2A77739DB}.Release|Any CPU.Build.0 = Release|Any CPU
		{7D9D5689-AFBB-477C-A501-54A3EC9ACFCD}.Debug|Any CPU.ActiveCfg = Debug|Any CPU
		{7D9D5689-AFBB-477C-A501-54A3EC9ACFCD}.Debug|Any CPU.Build.0 = Debug|Any CPU
		{7D9D5689-AFBB-477C-A501-54A3EC9ACFCD}.Release|Any CPU.ActiveCfg = Release|Any CPU
		{7D9D5689-AFBB-477C-A501-54A3EC9ACFCD}.Release|Any CPU.Build.0 = Release|Any CPU
		{412F7F16-EA31-47E4-935F-D04F52F61AA7}.Debug|Any CPU.ActiveCfg = Debug|Any CPU
		{412F7F16-EA31-47E4-935F-D04F52F61AA7}.Debug|Any CPU.Build.0 = Debug|Any CPU
		{412F7F16-EA31-47E4-935F-D04F52F61AA7}.Release|Any CPU.ActiveCfg = Release|Any CPU
		{412F7F16-EA31-47E4-935F-D04F52F61AA7}.Release|Any CPU.Build.0 = Release|Any CPU
	EndGlobalSection
EndGlobal
